
Microsoft Visual Studio Solution File, Format Version 12.00
# Visual Studio Version 17
VisualStudioVersion = 17.12.35506.116
MinimumVisualStudioVersion = 10.0.40219.1
Project("{FAE04EC0-301F-11D3-BF4B-00C04F79EFBC}") = "CarWarehouse.Web", "CarWarehouse.Web\CarWarehouse.Web.csproj", "{C294577B-39A8-42A8-9FCB-5086E7B774E0}"
EndProject
Project("{FAE04EC0-301F-11D3-BF4B-00C04F79EFBC}") = "CarWarehouse.DAL", "CarWarehouse.DAL\CarWarehouse.DAL.csproj", "{4F1D6AD9-D523-468A-8A0C-98DEE01A3DDA}"
EndProject
Project("{FAE04EC0-301F-11D3-BF4B-00C04F79EFBC}") = "CarWarehouse.BLL", "CarWarehouse.BLL\CarWarehouse.BLL.csproj", "{AC2EC149-E476-4071-AB44-D496C897DF69}"
EndProject
Project("{E53339B2-1760-4266-BCC7-CA923CBCF16C}") = "docker-compose", "docker-compose.dcproj", "{AE438E3E-59CE-4315-A87A-8F9303322626}"
EndProject
Global
	GlobalSection(SolutionConfigurationPlatforms) = preSolution
		Debug|Any CPU = Debug|Any CPU
		Release|Any CPU = Release|Any CPU
	EndGlobalSection
	GlobalSection(ProjectConfigurationPlatforms) = postSolution
		{C294577B-39A8-42A8-9FCB-5086E7B774E0}.Debug|Any CPU.ActiveCfg = Debug|Any CPU
		{C294577B-39A8-42A8-9FCB-5086E7B774E0}.Debug|Any CPU.Build.0 = Debug|Any CPU
		{C294577B-39A8-42A8-9FCB-5086E7B774E0}.Release|Any CPU.ActiveCfg = Release|Any CPU
		{C294577B-39A8-42A8-9FCB-5086E7B774E0}.Release|Any CPU.Build.0 = Release|Any CPU
		{4F1D6AD9-D523-468A-8A0C-98DEE01A3DDA}.Debug|Any CPU.ActiveCfg = Debug|Any CPU
		{4F1D6AD9-D523-468A-8A0C-98DEE01A3DDA}.Debug|Any CPU.Build.0 = Debug|Any CPU
		{4F1D6AD9-D523-468A-8A0C-98DEE01A3DDA}.Release|Any CPU.ActiveCfg = Release|Any CPU
		{4F1D6AD9-D523-468A-8A0C-98DEE01A3DDA}.Release|Any CPU.Build.0 = Release|Any CPU
		{AC2EC149-E476-4071-AB44-D496C897DF69}.Debug|Any CPU.ActiveCfg = Debug|Any CPU
		{AC2EC149-E476-4071-AB44-D496C897DF69}.Debug|Any CPU.Build.0 = Debug|Any CPU
		{AC2EC149-E476-4071-AB44-D496C897DF69}.Release|Any CPU.ActiveCfg = Release|Any CPU
		{AC2EC149-E476-4071-AB44-D496C897DF69}.Release|Any CPU.Build.0 = Release|Any CPU
		{AE438E3E-59CE-4315-A87A-8F9303322626}.Debug|Any CPU.ActiveCfg = Debug|Any CPU
		{AE438E3E-59CE-4315-A87A-8F9303322626}.Debug|Any CPU.Build.0 = Debug|Any CPU
		{AE438E3E-59CE-4315-A87A-8F9303322626}.Release|Any CPU.ActiveCfg = Release|Any CPU
		{AE438E3E-59CE-4315-A87A-8F9303322626}.Release|Any CPU.Build.0 = Release|Any CPU
	EndGlobalSection
	GlobalSection(SolutionProperties) = preSolution
		HideSolutionNode = FALSE
	EndGlobalSection
EndGlobal
